# THIS IS AN AUTOGENERATED FILE. DO NOT EDIT THIS FILE DIRECTLY.
assets/Grp-1.jpg:
  development: 2017-10-15T17:54:50-04:00   b90d7a43f3f07bc420596fdb4d232508
assets/build-kit-min.js:
  development: 2017-10-19T17:29:19-04:00   564cb9e60dd175178546c8efd8fd465f
assets/build-kit.js:
  development: 2017-10-19T17:13:09-04:00   dbf26c19c02a6b1477f0c12bbc83bcce
assets/cbox_border1.png:
  development: 2017-10-11T17:36:26-04:00   416e964cc063395fc2db26e463987609
assets/cbox_border2.png:
  development: 2017-10-11T17:36:26-04:00   50cdcf6bc41aeac05c43095f4074f6f4
assets/compact_logo.png:
  development: 2017-10-11T17:36:26-04:00   39bc6c68b254b421bacb3995b9d52c81
assets/favicon.png:
  development: 2017-10-11T17:36:26-04:00   1b0b001322346d93a91afa52c946a470
assets/footer-leaf.png:
  development: 2017-10-11T17:36:26-04:00   f62139d7215c4d47ac618c5d3effee71
assets/footer_logo.png:
  development: 2017-10-11T17:36:26-04:00   8ccc7e12c6667e275110c3c56856eb8b
assets/gravatar_def.png:
  development: 2017-10-11T17:36:26-04:00   06da8d6085cefaa8d592ab5614cad5bb
assets/homepage_ad.jpg:
  development: 2017-10-11T17:36:26-04:00   35c6bfab3846da7365c6f89668d643cf
assets/homepage_feat_img_1.jpg:
  development: 2017-10-11T17:36:26-04:00   5eac19c5be2a04550fed52716e0499f2
assets/homepage_feat_img_2.jpg:
  development: 2017-10-11T17:36:26-04:00   4dfe6ef9b06202b02c2c3c87b6284c76
assets/homepage_feat_img_3.jpg:
  development: 2017-10-11T17:36:26-04:00   95fc62f3d3781eb5285c2f8dd0d34bcb
assets/homepage_feat_img_4.jpg:
  development: 2017-10-11T17:36:26-04:00   f955d726fbbbddb410f6b2ee94571e39
assets/homepage_feat_img_5.jpg:
  development: 2017-10-11T17:36:26-04:00   1f48cc5d31bc4a030fa0faa83defe763
assets/jquery.infinitescroll.min.js:
  development: 2017-10-11T17:36:27-04:00   b7a5976eea5417290b57cdfff95408b9
assets/leaf-small.png:
  development: 2017-10-11T17:36:27-04:00   3c52d69c345dccc0cb4165f47c938b21
assets/leaf.png:
  development: 2017-10-11T17:36:27-04:00   2a3faaba9fb3a16e990263a6322f19d6
assets/libs.js:
  development: 2017-10-11T17:36:27-04:00   4bf0526f05a98f875a527f5ebef90e85
assets/loading.gif:
  development: 2017-10-11T17:36:27-04:00   f573a8f87f8700150c2e086b3b94dff9
assets/logo.png:
  development: 2017-10-11T17:36:27-04:00   e61f26a3747d1733aab17109b2e30801
assets/masonry.pkgd.min.js:
  development: 2017-10-11T17:36:28-04:00   32a4ddf826218d21c029e0ff57e6aa73
assets/plain_square.gif:
  development: 2017-10-11T17:36:28-04:00   344722f0d1b7a9e7fd7b981436ab3617
assets/scripts.js.liquid:
  development: 2017-10-11T17:36:28-04:00   c37639d7389ac70d638b183d9bb01044
assets/slideshow_1.jpg:
  development: 2017-10-11T17:36:28-04:00   2c821ba4d4e1771c8b7f44865d2da117
assets/slideshow_2.jpg:
  development: 2017-10-11T17:36:28-04:00   49e7682526fc2eeb78bc60344770bead
assets/slideshow_3.jpg:
  development: 2017-10-11T17:36:28-04:00   020a222ad6af7d8dfdb4e54665729bd6
assets/slideshow_4.jpg:
  development: 2017-10-11T17:36:28-04:00   13b8c51614fcb7565f36c6d03259cea1
assets/slideshow_5.jpg:
  development: 2017-10-11T17:36:28-04:00   2a7d274ea44f275317ab4e3f07bcc346
assets/styles.scss.liquid:
  development: 2017-10-19T16:17:12-04:00   f342613fb0e08ced32865e5cb84de22a
assets/theme-icons.eot:
  development: 2017-10-11T17:36:28-04:00   9f619aae118f3c25a153454e1c422b79
assets/theme-icons.svg:
  development: 2017-10-11T17:36:28-04:00   fd05ba2ffff9dd5472d1631b48ad6724
assets/theme-icons.ttf:
  development: 2017-10-11T17:36:28-04:00   9340670000780700b2923d5e2c755064
assets/theme-icons.woff:
  development: 2017-10-11T17:36:29-04:00   8175d7bf74a8969d1de7840c584ca07e
config/settings_data.json:
  development: 2017-10-11T17:36:25-04:00   2d7932f031f85d01013c7518fb6fc8b4
config/settings_schema.json:
  development: 2017-10-11T17:36:29-04:00   9c35bee0670c9b4266da11aa6b19777f
layout/theme.liquid:
  development: 2017-10-19T00:07:24-04:00   f7c21cb8b5ba94aafa85962261920fc5
locales/en.default.json:
  development: 2017-10-11T17:36:29-04:00   ac3d320a3f7f9d561b2a208c01a3c0f3
snippets/article-block.liquid:
  development: 2017-10-11T17:36:29-04:00   ac095eb104a11b34acd1cc147bb75eaf
snippets/bold-cart-item.liquid:
  development: 2017-10-11T17:36:29-04:00   92a8d6a27fb040e1723f5b072e3a8d7c
snippets/bold-hidden-variants.liquid:
  development: 2017-10-11T17:36:29-04:00   187cd49b203867c98b4728727de52e7a
snippets/bold-product.liquid:
  development: 2017-10-11T17:36:29-04:00   cf098f6a12ad73f48a1ce18b63f17676
snippets/bold-variant.liquid:
  development: 2017-10-11T17:36:29-04:00   68936222a22a626d87f8e7e1330486fe
snippets/build-kit-script.liquid:
  development: 2017-10-18T23:46:44-04:00   6847e2153d948375e28672c2bbc560bb
snippets/cart-summary.liquid:
  development: 2017-10-11T17:36:29-04:00   11e386984e6993b4e03f96c797cb9174
snippets/collection-listing.liquid:
  development: 2017-10-11T17:36:29-04:00   c423dc13301147e506f82b9b0af555cb
snippets/comment.liquid:
  development: 2017-10-11T17:36:29-04:00   c5cf7c898a93940fee25f1b4337d17c3
snippets/contact-form.liquid:
  development: 2017-10-11T17:36:29-04:00   fc7d18039f750743f574fa0b9560ac06
snippets/cross-sell.liquid:
  development: 2017-10-11T17:36:29-04:00   7d84697900daa2d00f251644484f8592
snippets/customer-fields.liquid:
  development: 2017-10-11T17:36:29-04:00   e266eff293f01e20c45e3472a626d307
snippets/fb-open-graph-tags.liquid:
  development: 2017-10-11T17:36:29-04:00   d72994d90b929d4e03723ef9ac1c1384
snippets/footer.liquid:
  development: 2017-10-11T17:36:29-04:00   bb44b56f5c3ed9073e8a2b7e3589c005
snippets/google-fonts-import.liquid:
  development: 2017-10-11T17:36:29-04:00   b07b498deba356e1eb687965f9da866a
snippets/has-drop-down.liquid:
  development: 2017-10-11T17:36:29-04:00   d1dc83d95e2819b218e37a77d495ff60
snippets/home-blog.liquid:
  development: 2017-10-11T17:36:29-04:00   79862dff909269bf1ed221533cc5a9ab
snippets/home-content-fullsize.liquid:
  development: 2017-10-11T17:36:29-04:00   f5dc708da518bf2f577343a07ff81a7a
snippets/home-content.liquid:
  development: 2017-10-11T17:36:29-04:00   31303829ce82b287d8666979618cf776
snippets/home-instagram.liquid:
  development: 2017-10-11T17:36:29-04:00   8c7348dc8a360ca5fb416dbb49fec9b4
snippets/home-products-1.liquid:
  development: 2017-10-11T17:36:30-04:00   00a2015a61e5105a393cfc43214b4389
snippets/home-products-2.liquid:
  development: 2017-10-11T17:36:30-04:00   3ff3b015a1be37a5e7a5eb4d9f5c9ded
snippets/home-products-3.liquid:
  development: 2017-10-11T17:36:30-04:00   92b7a29579ceb8b7b156fc51b5e2d21a
snippets/home-promo-img.liquid:
  development: 2017-10-11T17:36:30-04:00   30408a36cb1a2fcd901ab76d2c35d384
snippets/home-slideshow.liquid:
  development: 2017-10-11T17:36:30-04:00   0dd0557409095c6313e94672d0e3f4f6
snippets/home-tiles.liquid:
  development: 2017-10-11T17:36:30-04:00   fef49769dd6bec714d5e69acd2d2f8ce
snippets/initialize.liquid:
  development: 2017-10-19T00:04:37-04:00   4366ebdad5a9df8ce50d3390e0b100c3
snippets/mailing-signup.liquid:
  development: 2017-10-11T17:36:30-04:00   38ce0930e8af4075f7dab0051bf94b94
snippets/main-navigation-sublist.liquid:
  development: 2017-10-11T17:36:30-04:00   f1d69931a7271a92fef148118cc7e1bf
snippets/main-navigation.liquid:
  development: 2017-10-11T17:36:30-04:00   b23c727794d899d03a7dc90e2aaf21e9
snippets/mobile-navigation-sublist.liquid:
  development: 2017-10-11T17:36:30-04:00   f258d1d26aee218d7102ea10e8f14840
snippets/mobile-navigation.liquid:
  development: 2017-10-11T17:36:30-04:00   ab7abed4c989f72ae9779f6b0c34f97c
snippets/onboarding-blog-row.liquid:
  development: 2017-10-11T17:36:30-04:00   ed434561c058666f26fb2ce1dc8054bb
snippets/onboarding-product-row.liquid:
  development: 2017-10-11T17:36:30-04:00   de9bb1ba875b482eee7b86e5095dc5a1
snippets/pagination.liquid:
  development: 2017-10-11T17:36:30-04:00   97bb9541dbf4bb1b156811182f2554f8
snippets/product-block.liquid:
  development: 2017-10-11T17:36:30-04:00   3cf6a6ae53c9bf6aa60012351d3bb950
snippets/product-label.liquid:
  development: 2017-10-11T17:36:30-04:00   e079d179769f26763ffe688807cde604
snippets/related-products.liquid:
  development: 2017-10-11T17:36:30-04:00   e87f9ffb6801276394d07cb68a27df82
snippets/shappify-bdl-load-bundle.liquid:
  development: 2017-10-11T17:36:30-04:00   28daab9344a90a493d70027ac7cbb831
snippets/shappify-bdl-min-price.liquid:
  development: 2017-10-11T17:36:30-04:00   a72dd2d52c738a660f156141c67366a8
snippets/shappify-bdl-no-select.liquid:
  development: 2017-10-11T17:36:30-04:00   6345417d2cbb721bd79041d0f8b989bd
snippets/sharing.liquid:
  development: 2017-10-11T17:36:30-04:00   fdc464991241a4a467a5520a19197285
snippets/social-links.liquid:
  development: 2017-10-11T17:36:30-04:00   7162e0097bf78417fcf2a528a3b9ac63
snippets/split_images_from_content.liquid:
  development: 2017-10-11T17:36:30-04:00   688a6017189d7d187a1d94b415b226d9
snippets/twitter-card.liquid:
  development: 2017-10-11T17:36:31-04:00   c61ca6c586e2d57ee7ac6b113f122f20
templates/404.liquid:
  development: 2017-10-11T17:36:31-04:00   22bd2412405e9a3580b9d99de9f914d8
templates/article.liquid:
  development: 2017-10-11T17:36:31-04:00   9a78b4466c6c061467c81bf70d70b4cf
templates/blog.liquid:
  development: 2017-10-11T17:36:31-04:00   89e09c5b52eeffd7cfa50395065cdb0c
templates/cart.liquid:
  development: 2017-10-11T17:36:31-04:00   d9007d8d5616cef1b2bf1921370bcb5a
templates/collection.liquid:
  development: 2017-10-11T17:36:31-04:00   f936c7718e07bd190a02995c5132b1f7
templates/customers/account.edit.liquid:
  development: 2017-10-11T17:36:31-04:00   66c6f21e572879ab2cc5260363072c10
templates/customers/account.liquid:
  development: 2017-10-11T17:36:31-04:00   f3c8595ec71b6d1e84e69a09f85997c9
templates/customers/activate_account.liquid:
  development: 2017-10-11T17:36:31-04:00   a7a02bdc6a516bc5cdd3ef7a8cc8250e
templates/customers/addresses.liquid:
  development: 2017-10-11T17:36:31-04:00   6973e7a72a5fcb84ecb768a0506bfe2c
templates/customers/login.liquid:
  development: 2017-10-11T17:36:31-04:00   f4e09e45b39bb7c98356bec422adca5f
templates/customers/order.liquid:
  development: 2017-10-11T17:36:31-04:00   ab510fdd215dd9831f49f01713706f1a
templates/customers/register.liquid:
  development: 2017-10-11T17:36:31-04:00   4f26c3963df685890e32ed4b3f55d781
templates/customers/register.orig.liquid:
  development: 2017-10-11T17:36:31-04:00   cee7a88f9fcb0909b7a8b2c237e80e94
templates/customers/reset_password.liquid:
  development: 2017-10-11T17:36:31-04:00   931244eb6b3cda4d72bdb2b6e57e8767
templates/gift_card.liquid:
  development: 2017-10-11T17:36:31-04:00   7d96c13e89ad7779ac454fd1a6f25cb0
templates/index.liquid:
  development: 2017-10-11T17:36:31-04:00   bf8e0efb94ce2e4c36ab602b134f5fa2
templates/list-collections.liquid:
  development: 2017-10-11T17:36:31-04:00   74d77c4794288ce6ccb54987c81d94be
templates/page.build-a-kit.liquid:
  development: 2017-10-19T00:05:09-04:00   313bd91dabec432c1302aaf897d95190
templates/page.contact-underneath.liquid:
  development: 2017-10-11T17:36:31-04:00   3bbecc1557953283112ae9d49620698b
templates/page.contact.liquid:
  development: 2017-10-11T17:36:31-04:00   5b130e1d87e1fee03ae95d979e8660ce
templates/page.liquid:
  development: 2017-10-11T17:36:31-04:00   30ad079edea214e3141b3d6f156198f4
templates/page.list-collections.liquid:
  development: 2017-10-11T17:36:31-04:00   2bf94557dcf88b2f167578852d6aae9f
templates/page.wide.liquid:
  development: 2017-10-11T17:36:31-04:00   c5b2b08297fcbf94fe3f6fd1426d95b3
templates/password.liquid:
  development: 2017-10-11T17:36:32-04:00   1935938f3c35fd58e381b03663d97916
templates/product.build-a-kit.liquid:
  development: 2017-10-15T15:30:25-04:00   68eab9b08f20b83e7c530385e923176a
templates/product.liquid:
  development: 2017-10-11T17:36:32-04:00   68eab9b08f20b83e7c530385e923176a
templates/search.cross-sell.liquid:
  development: 2017-10-11T17:36:32-04:00   671378e1c72b132629bdcc8993f8c3b5
templates/search.editorder.liquid:
  development: 2017-10-11T17:36:32-04:00   e2292039a60fd8392b9bbaafc08ee2d7
templates/search.liquid:
  development: 2017-10-11T17:36:32-04:00   1df8a850c48fa68a7b7048250f715f2e
